
Microsoft Visual Studio Solution File, Format Version 12.00
# Visual Studio Version 16
VisualStudioVersion = 16.0.30309.148
MinimumVisualStudioVersion = 10.0.40219.1
Project("{FAE04EC0-301F-11D3-BF4B-00C04F79EFBC}") = "forecast.io-standard", "forecast.io-standard\forecast.io-standard.csproj", "{C954E982-00B6-407E-B654-0C8F5A946AF7}"
EndProject
Project("{9A19103F-16F7-4668-BE54-9A1E7A4F7556}") = "forecast.io-standard-test", "forecast.io-standard-test\forecast.io-standard-test.csproj", "{B1E884FC-1600-4615-BCEA-578AB3B7B58E}"
EndProject
Global
	GlobalSection(SolutionConfigurationPlatforms) = preSolution
		Debug|Any CPU = Debug|Any CPU
		Release|Any CPU = Release|Any CPU
	EndGlobalSection
	GlobalSection(ProjectConfigurationPlatforms) = postSolution
		{C954E982-00B6-407E-B654-0C8F5A946AF7}.Debug|Any CPU.ActiveCfg = Debug|Any CPU
		{C954E982-00B6-407E-B654-0C8F5A946AF7}.Debug|Any CPU.Build.0 = Debug|Any CPU
		{C954E982-00B6-407E-B654-0C8F5A946AF7}.Release|Any CPU.ActiveCfg = Release|Any CPU
		{C954E982-00B6-407E-B654-0C8F5A946AF7}.Release|Any CPU.Build.0 = Release|Any CPU
		{B1E884FC-1600-4615-BCEA-578AB3B7B58E}.Debug|Any CPU.ActiveCfg = Debug|Any CPU
		{B1E884FC-1600-4615-BCEA-578AB3B7B58E}.Debug|Any CPU.Build.0 = Debug|Any CPU
		{B1E884FC-1600-4615-BCEA-578AB3B7B58E}.Release|Any CPU.ActiveCfg = Release|Any CPU
		{B1E884FC-1600-4615-BCEA-578AB3B7B58E}.Release|Any CPU.Build.0 = Release|Any CPU
	EndGlobalSection
	GlobalSection(SolutionProperties) = preSolution
		HideSolutionNode = FALSE
	EndGlobalSection
	GlobalSection(ExtensibilityGlobals) = postSolution
		SolutionGuid = {0CF30C74-281A-4369-93CB-06D518B76224}
	EndGlobalSection
EndGlobal
